
Microsoft Visual Studio Solution File, Format Version 12.00
# Visual Studio Version 17
VisualStudioVersion = 17.13.35806.99 d17.13
MinimumVisualStudioVersion = 10.0.40219.1
Project("{FAE04EC0-301F-11D3-BF4B-00C04F79EFBC}") = "Zabychyt", "Zabychyt\Zabychyt.csproj", "{4C43D16B-0CAE-407D-81E1-ACD07A815CCE}"
EndProject
Global
	GlobalSection(SolutionConfigurationPlatforms) = preSolution
		Debug|Any CPU = Debug|Any CPU
		Release|Any CPU = Release|Any CPU
	EndGlobalSection
	GlobalSection(ProjectConfigurationPlatforms) = postSolution
		{4C43D16B-0CAE-407D-81E1-ACD07A815CCE}.Debug|Any CPU.ActiveCfg = Debug|Any CPU
		{4C43D16B-0CAE-407D-81E1-ACD07A815CCE}.Debug|Any CPU.Build.0 = Debug|Any CPU
		{4C43D16B-0CAE-407D-81E1-ACD07A815CCE}.Release|Any CPU.ActiveCfg = Release|Any CPU
		{4C43D16B-0CAE-407D-81E1-ACD07A815CCE}.Release|Any CPU.Build.0 = Release|Any CPU
	EndGlobalSection
	GlobalSection(SolutionProperties) = preSolution
		HideSolutionNode = FALSE
	EndGlobalSection
	GlobalSection(ExtensibilityGlobals) = postSolution
		SolutionGuid = {7EBDFD34-4397-4643-AE2A-ABDF6697E38A}
	EndGlobalSection
EndGlobal
